
Microsoft Visual Studio Solution File, Format Version 12.00
# Visual Studio Version 16
VisualStudioVersion = 16.0.31515.178
MinimumVisualStudioVersion = 10.0.40219.1
Project("{9A19103F-16F7-4668-BE54-9A1E7A4F7556}") = "TaxService", "TaxService\TaxService.csproj", "{56EE9AEC-2222-4EBE-B24C-2876D1F7CE6C}"
EndProject
Project("{FAE04EC0-301F-11D3-BF4B-00C04F79EFBC}") = "TaxService.UnitTests", "TaxService.UnitTests\TaxService.UnitTests.csproj", "{FE4639DA-D1ED-46E4-90A1-87818737CDD7}"
EndProject
Global
	GlobalSection(SolutionConfigurationPlatforms) = preSolution
		Debug|Any CPU = Debug|Any CPU
		Release|Any CPU = Release|Any CPU
	EndGlobalSection
	GlobalSection(ProjectConfigurationPlatforms) = postSolution
		{56EE9AEC-2222-4EBE-B24C-2876D1F7CE6C}.Debug|Any CPU.ActiveCfg = Debug|Any CPU
		{56EE9AEC-2222-4EBE-B24C-2876D1F7CE6C}.Debug|Any CPU.Build.0 = Debug|Any CPU
		{56EE9AEC-2222-4EBE-B24C-2876D1F7CE6C}.Release|Any CPU.ActiveCfg = Release|Any CPU
		{56EE9AEC-2222-4EBE-B24C-2876D1F7CE6C}.Release|Any CPU.Build.0 = Release|Any CPU
		{FE4639DA-D1ED-46E4-90A1-87818737CDD7}.Debug|Any CPU.ActiveCfg = Debug|Any CPU
		{FE4639DA-D1ED-46E4-90A1-87818737CDD7}.Debug|Any CPU.Build.0 = Debug|Any CPU
		{FE4639DA-D1ED-46E4-90A1-87818737CDD7}.Release|Any CPU.ActiveCfg = Release|Any CPU
		{FE4639DA-D1ED-46E4-90A1-87818737CDD7}.Release|Any CPU.Build.0 = Release|Any CPU
	EndGlobalSection
	GlobalSection(SolutionProperties) = preSolution
		HideSolutionNode = FALSE
	EndGlobalSection
	GlobalSection(ExtensibilityGlobals) = postSolution
		SolutionGuid = {410B83D0-A4B2-4D4F-968B-32E00AB2A05B}
	EndGlobalSection
EndGlobal
